
Microsoft Visual Studio Solution File, Format Version 12.00
# Visual Studio Version 17
VisualStudioVersion = 17.9.34723.18
MinimumVisualStudioVersion = 10.0.40219.1
Project("{FAE04EC0-301F-11D3-BF4B-00C04F79EFBC}") = "BlazorWithIdentityDO.Client", "BlazorWithIdentityDO\BlazorWithIdentityDO.Client\BlazorWithIdentityDO.Client.csproj", "{4722FBCC-FF93-4A46-AC07-28814D76A772}"
EndProject
Project("{FAE04EC0-301F-11D3-BF4B-00C04F79EFBC}") = "BlazorWithIdentityDO.Server", "BlazorWithIdentityDO\BlazorWithIdentityDO.Server\BlazorWithIdentityDO.Server.csproj", "{0D368FD8-51C5-41F7-BC65-F9EF7486860B}"
EndProject
Project("{FAE04EC0-301F-11D3-BF4B-00C04F79EFBC}") = "BlazorWithIdentityDO.Shared", "BlazorWithIdentityDO\BlazorWithIdentityDO.Shared\BlazorWithIdentityDO.Shared.csproj", "{7684D274-CB5B-40D7-B9AC-BED097EC553B}"
EndProject
Global
	GlobalSection(SolutionConfigurationPlatforms) = preSolution
		Debug|Any CPU = Debug|Any CPU
		Release|Any CPU = Release|Any CPU
	EndGlobalSection
	GlobalSection(ProjectConfigurationPlatforms) = postSolution
		{4722FBCC-FF93-4A46-AC07-28814D76A772}.Debug|Any CPU.ActiveCfg = Debug|Any CPU
		{4722FBCC-FF93-4A46-AC07-28814D76A772}.Debug|Any CPU.Build.0 = Debug|Any CPU
		{4722FBCC-FF93-4A46-AC07-28814D76A772}.Release|Any CPU.ActiveCfg = Release|Any CPU
		{4722FBCC-FF93-4A46-AC07-28814D76A772}.Release|Any CPU.Build.0 = Release|Any CPU
		{0D368FD8-51C5-41F7-BC65-F9EF7486860B}.Debug|Any CPU.ActiveCfg = Debug|Any CPU
		{0D368FD8-51C5-41F7-BC65-F9EF7486860B}.Debug|Any CPU.Build.0 = Debug|Any CPU
		{0D368FD8-51C5-41F7-BC65-F9EF7486860B}.Release|Any CPU.ActiveCfg = Release|Any CPU
		{0D368FD8-51C5-41F7-BC65-F9EF7486860B}.Release|Any CPU.Build.0 = Release|Any CPU
		{7684D274-CB5B-40D7-B9AC-BED097EC553B}.Debug|Any CPU.ActiveCfg = Debug|Any CPU
		{7684D274-CB5B-40D7-B9AC-BED097EC553B}.Debug|Any CPU.Build.0 = Debug|Any CPU
		{7684D274-CB5B-40D7-B9AC-BED097EC553B}.Release|Any CPU.ActiveCfg = Release|Any CPU
		{7684D274-CB5B-40D7-B9AC-BED097EC553B}.Release|Any CPU.Build.0 = Release|Any CPU
	EndGlobalSection
	GlobalSection(SolutionProperties) = preSolution
		HideSolutionNode = FALSE
	EndGlobalSection
	GlobalSection(ExtensibilityGlobals) = postSolution
		SolutionGuid = {1328F8FE-E5F0-48A1-B30E-E9BFE4DDAABC}
	EndGlobalSection
EndGlobal
